// !$*UTF8*$!
{
	archiveVersion = 1;
	classes = {
	};
	objectVersion = 56;
	objects = {

/* Begin PBXBuildFile section */
		4A10EB032C47F5520098FB89 /* BreakingBadQuotesApp.swift in Sources */ = {isa = PBXBuildFile; fileRef = 4A10EB022C47F5520098FB89 /* BreakingBadQuotesApp.swift */; };
		4A10EB052C47F5520098FB89 /* ContentView.swift in Sources */ = {isa = PBXBuildFile; fileRef = 4A10EB042C47F5520098FB89 /* ContentView.swift */; };
		4A10EB072C47F5530098FB89 /* Assets.xcassets in Resources */ = {isa = PBXBuildFile; fileRef = 4A10EB062C47F5530098FB89 /* Assets.xcassets */; };
		4A10EB0A2C47F5530098FB89 /* Preview Assets.xcassets in Resources */ = {isa = PBXBuildFile; fileRef = 4A10EB092C47F5530098FB89 /* Preview Assets.xcassets */; };
		4A10EB142C47F5EB0098FB89 /* samplecharacter.json in Resources */ = {isa = PBXBuildFile; fileRef = 4A10EB112C47F5EB0098FB89 /* samplecharacter.json */; };
		4A10EB152C47F5EB0098FB89 /* sampledeath.json in Resources */ = {isa = PBXBuildFile; fileRef = 4A10EB122C47F5EB0098FB89 /* sampledeath.json */; };
		4A10EB162C47F5EB0098FB89 /* samplequote.json in Resources */ = {isa = PBXBuildFile; fileRef = 4A10EB132C47F5EB0098FB89 /* samplequote.json */; };
		4A10EB182C47FB830098FB89 /* Quote.swift in Sources */ = {isa = PBXBuildFile; fileRef = 4A10EB172C47FB830098FB89 /* Quote.swift */; };
		4A10EB1A2C47FB8F0098FB89 /* Character.swift in Sources */ = {isa = PBXBuildFile; fileRef = 4A10EB192C47FB8F0098FB89 /* Character.swift */; };
		4A10EB1C2C47FB9A0098FB89 /* Death.swift in Sources */ = {isa = PBXBuildFile; fileRef = 4A10EB1B2C47FB9A0098FB89 /* Death.swift */; };
		4A10EB1E2C4805500098FB89 /* FetchService.swift in Sources */ = {isa = PBXBuildFile; fileRef = 4A10EB1D2C4805500098FB89 /* FetchService.swift */; };
		4A10EB222C4831E40098FB89 /* FetchView.swift in Sources */ = {isa = PBXBuildFile; fileRef = 4A10EB212C4831E40098FB89 /* FetchView.swift */; };
		4A10EB242C483F430098FB89 /* ViewModel.swift in Sources */ = {isa = PBXBuildFile; fileRef = 4A10EB232C483F430098FB89 /* ViewModel.swift */; };
		4A4631592C49E98200C64F74 /* sampleepisode.json in Resources */ = {isa = PBXBuildFile; fileRef = 4A4631582C49E98200C64F74 /* sampleepisode.json */; };
		4AAE8EA22C4939CB00640325 /* CharacterView.swift in Sources */ = {isa = PBXBuildFile; fileRef = 4AAE8EA12C4939CB00640325 /* CharacterView.swift */; };
		4AD913B42C4B46A900127033 /* StringExt.swift in Sources */ = {isa = PBXBuildFile; fileRef = 4AD913B32C4B46A900127033 /* StringExt.swift */; };
		4AD913B62C4B484100127033 /* Constants.swift in Sources */ = {isa = PBXBuildFile; fileRef = 4AD913B52C4B484100127033 /* Constants.swift */; };
		4AD913B82C4B4AF300127033 /* Episode.swift in Sources */ = {isa = PBXBuildFile; fileRef = 4AD913B72C4B4AF300127033 /* Episode.swift */; };
		4AD913BA2C4B53AE00127033 /* EpisodeView.swift in Sources */ = {isa = PBXBuildFile; fileRef = 4AD913B92C4B53AE00127033 /* EpisodeView.swift */; };
/* End PBXBuildFile section */

/* Begin PBXFileReference section */
		4A10EAFF2C47F5520098FB89 /* BreakingBadQuotes.app */ = {isa = PBXFileReference; explicitFileType = wrapper.application; includeInIndex = 0; path = BreakingBadQuotes.app; sourceTree = BUILT_PRODUCTS_DIR; };
		4A10EB022C47F5520098FB89 /* BreakingBadQuotesApp.swift */ = {isa = PBXFileReference; lastKnownFileType = sourcecode.swift; path = BreakingBadQuotesApp.swift; sourceTree = "<group>"; };
		4A10EB042C47F5520098FB89 /* ContentView.swift */ = {isa = PBXFileReference; lastKnownFileType = sourcecode.swift; path = ContentView.swift; sourceTree = "<group>"; };
		4A10EB062C47F5530098FB89 /* Assets.xcassets */ = {isa = PBXFileReference; lastKnownFileType = folder.assetcatalog; path = Assets.xcassets; sourceTree = "<group>"; };
		4A10EB092C47F5530098FB89 /* Preview Assets.xcassets */ = {isa = PBXFileReference; lastKnownFileType = folder.assetcatalog; path = "Preview Assets.xcassets"; sourceTree = "<group>"; };
		4A10EB112C47F5EB0098FB89 /* samplecharacter.json */ = {isa = PBXFileReference; fileEncoding = 4; lastKnownFileType = text.json; path = samplecharacter.json; sourceTree = "<group>"; };
		4A10EB122C47F5EB0098FB89 /* sampledeath.json */ = {isa = PBXFileReference; fileEncoding = 4; lastKnownFileType = text.json; path = sampledeath.json; sourceTree = "<group>"; };
		4A10EB132C47F5EB0098FB89 /* samplequote.json */ = {isa = PBXFileReference; fileEncoding = 4; lastKnownFileType = text.json; path = samplequote.json; sourceTree = "<group>"; };
		4A10EB172C47FB830098FB89 /* Quote.swift */ = {isa = PBXFileReference; lastKnownFileType = sourcecode.swift; path = Quote.swift; sourceTree = "<group>"; };
		4A10EB192C47FB8F0098FB89 /* Character.swift */ = {isa = PBXFileReference; lastKnownFileType = sourcecode.swift; path = Character.swift; sourceTree = "<group>"; };
		4A10EB1B2C47FB9A0098FB89 /* Death.swift */ = {isa = PBXFileReference; lastKnownFileType = sourcecode.swift; path = Death.swift; sourceTree = "<group>"; };
		4A10EB1D2C4805500098FB89 /* FetchService.swift */ = {isa = PBXFileReference; lastKnownFileType = sourcecode.swift; path = FetchService.swift; sourceTree = "<group>"; };
		4A10EB212C4831E40098FB89 /* FetchView.swift */ = {isa = PBXFileReference; lastKnownFileType = sourcecode.swift; path = FetchView.swift; sourceTree = "<group>"; };
		4A10EB232C483F430098FB89 /* ViewModel.swift */ = {isa = PBXFileReference; lastKnownFileType = sourcecode.swift; path = ViewModel.swift; sourceTree = "<group>"; };
		4A4631582C49E98200C64F74 /* sampleepisode.json */ = {isa = PBXFileReference; fileEncoding = 4; lastKnownFileType = text.json; path = sampleepisode.json; sourceTree = "<group>"; };
		4AAE8EA12C4939CB00640325 /* CharacterView.swift */ = {isa = PBXFileReference; lastKnownFileType = sourcecode.swift; path = CharacterView.swift; sourceTree = "<group>"; };
		4AD913B32C4B46A900127033 /* StringExt.swift */ = {isa = PBXFileReference; lastKnownFileType = sourcecode.swift; path = StringExt.swift; sourceTree = "<group>"; };
		4AD913B52C4B484100127033 /* Constants.swift */ = {isa = PBXFileReference; lastKnownFileType = sourcecode.swift; path = Constants.swift; sourceTree = "<group>"; };
		4AD913B72C4B4AF300127033 /* Episode.swift */ = {isa = PBXFileReference; lastKnownFileType = sourcecode.swift; path = Episode.swift; sourceTree = "<group>"; };
		4AD913B92C4B53AE00127033 /* EpisodeView.swift */ = {isa = PBXFileReference; lastKnownFileType = sourcecode.swift; path = EpisodeView.swift; sourceTree = "<group>"; };
/* End PBXFileReference section */

/* Begin PBXFrameworksBuildPhase section */
		4A10EAFC2C47F5520098FB89 /* Frameworks */ = {
			isa = PBXFrameworksBuildPhase;
			buildActionMask = 2147483647;
			files = (
			);
			runOnlyForDeploymentPostprocessing = 0;
		};
/* End PBXFrameworksBuildPhase section */

/* Begin PBXGroup section */
		4A10EAF62C47F5520098FB89 = {
			isa = PBXGroup;
			children = (
				4A10EB012C47F5520098FB89 /* BreakingBadQuotes */,
				4A10EB002C47F5520098FB89 /* Products */,
			);
			sourceTree = "<group>";
		};
		4A10EB002C47F5520098FB89 /* Products */ = {
			isa = PBXGroup;
			children = (
				4A10EAFF2C47F5520098FB89 /* BreakingBadQuotes.app */,
			);
			name = Products;
			sourceTree = "<group>";
		};
		4A10EB012C47F5520098FB89 /* BreakingBadQuotes */ = {
			isa = PBXGroup;
			children = (
				4A10EB022C47F5520098FB89 /* BreakingBadQuotesApp.swift */,
				4A10EB042C47F5520098FB89 /* ContentView.swift */,
				4AAE8EA12C4939CB00640325 /* CharacterView.swift */,
				4A10EB212C4831E40098FB89 /* FetchView.swift */,
				4A10EB1D2C4805500098FB89 /* FetchService.swift */,
				4AD913B92C4B53AE00127033 /* EpisodeView.swift */,
				4A10EB232C483F430098FB89 /* ViewModel.swift */,
				4A10EB172C47FB830098FB89 /* Quote.swift */,
				4A10EB192C47FB8F0098FB89 /* Character.swift */,
				4A10EB1B2C47FB9A0098FB89 /* Death.swift */,
				4AD913B72C4B4AF300127033 /* Episode.swift */,
				4AD913B32C4B46A900127033 /* StringExt.swift */,
				4AD913B52C4B484100127033 /* Constants.swift */,
				4A10EB062C47F5530098FB89 /* Assets.xcassets */,
				4A10EB102C47F5D80098FB89 /* SampleData */,
				4A10EB082C47F5530098FB89 /* Preview Content */,
			);
			path = BreakingBadQuotes;
			sourceTree = "<group>";
		};
		4A10EB082C47F5530098FB89 /* Preview Content */ = {
			isa = PBXGroup;
			children = (
				4A10EB092C47F5530098FB89 /* Preview Assets.xcassets */,
			);
			path = "Preview Content";
			sourceTree = "<group>";
		};
		4A10EB102C47F5D80098FB89 /* SampleData */ = {
			isa = PBXGroup;
			children = (
				4A4631582C49E98200C64F74 /* sampleepisode.json */,
				4A10EB112C47F5EB0098FB89 /* samplecharacter.json */,
				4A10EB122C47F5EB0098FB89 /* sampledeath.json */,
				4A10EB132C47F5EB0098FB89 /* samplequote.json */,
			);
			path = SampleData;
			sourceTree = "<group>";
		};
/* End PBXGroup section */

/* Begin PBXNativeTarget section */
		4A10EAFE2C47F5520098FB89 /* BreakingBadQuotes */ = {
			isa = PBXNativeTarget;
			buildConfigurationList = 4A10EB0D2C47F5530098FB89 /* Build configuration list for PBXNativeTarget "BreakingBadQuotes" */;
			buildPhases = (
				4A10EAFB2C47F5520098FB89 /* Sources */,
				4A10EAFC2C47F5520098FB89 /* Frameworks */,
				4A10EAFD2C47F5520098FB89 /* Resources */,
			);
			buildRules = (
			);
			dependencies = (
			);
			name = BreakingBadQuotes;
			productName = BreakingBadQuotes;
			productReference = 4A10EAFF2C47F5520098FB89 /* BreakingBadQuotes.app */;
			productType = "com.apple.product-type.application";
		};
/* End PBXNativeTarget section */

/* Begin PBXProject section */
		4A10EAF72C47F5520098FB89 /* Project object */ = {
			isa = PBXProject;
			attributes = {
				BuildIndependentTargetsInParallel = 1;
				LastSwiftUpdateCheck = 1540;
				LastUpgradeCheck = 1540;
				TargetAttributes = {
					4A10EAFE2C47F5520098FB89 = {
						CreatedOnToolsVersion = 15.4;
					};
				};
			};
			buildConfigurationList = 4A10EAFA2C47F5520098FB89 /* Build configuration list for PBXProject "BreakingBadQuotes" */;
			compatibilityVersion = "Xcode 14.0";
			developmentRegion = en;
			hasScannedForEncodings = 0;
			knownRegions = (
				en,
				Base,
			);
			mainGroup = 4A10EAF62C47F5520098FB89;
			productRefGroup = 4A10EB002C47F5520098FB89 /* Products */;
			projectDirPath = "";
			projectRoot = "";
			targets = (
				4A10EAFE2C47F5520098FB89 /* BreakingBadQuotes */,
			);
		};
/* End PBXProject section */

/* Begin PBXResourcesBuildPhase section */
		4A10EAFD2C47F5520098FB89 /* Resources */ = {
			isa = PBXResourcesBuildPhase;
			buildActionMask = 2147483647;
			files = (
				4A10EB152C47F5EB0098FB89 /* sampledeath.json in Resources */,
				4A4631592C49E98200C64F74 /* sampleepisode.json in Resources */,
				4A10EB0A2C47F5530098FB89 /* Preview Assets.xcassets in Resources */,
				4A10EB142C47F5EB0098FB89 /* samplecharacter.json in Resources */,
				4A10EB162C47F5EB0098FB89 /* samplequote.json in Resources */,
				4A10EB072C47F5530098FB89 /* Assets.xcassets in Resources */,
			);
			runOnlyForDeploymentPostprocessing = 0;
		};
/* End PBXResourcesBuildPhase section */

/* Begin PBXSourcesBuildPhase section */
		4A10EAFB2C47F5520098FB89 /* Sources */ = {
			isa = PBXSourcesBuildPhase;
			buildActionMask = 2147483647;
			files = (
				4A10EB1C2C47FB9A0098FB89 /* Death.swift in Sources */,
				4AD913B82C4B4AF300127033 /* Episode.swift in Sources */,
				4AD913B62C4B484100127033 /* Constants.swift in Sources */,
				4AD913BA2C4B53AE00127033 /* EpisodeView.swift in Sources */,
				4A10EB052C47F5520098FB89 /* ContentView.swift in Sources */,
				4A10EB032C47F5520098FB89 /* BreakingBadQuotesApp.swift in Sources */,
				4A10EB222C4831E40098FB89 /* FetchView.swift in Sources */,
				4AD913B42C4B46A900127033 /* StringExt.swift in Sources */,
				4A10EB182C47FB830098FB89 /* Quote.swift in Sources */,
				4A10EB1E2C4805500098FB89 /* FetchService.swift in Sources */,
				4AAE8EA22C4939CB00640325 /* CharacterView.swift in Sources */,
				4A10EB242C483F430098FB89 /* ViewModel.swift in Sources */,
				4A10EB1A2C47FB8F0098FB89 /* Character.swift in Sources */,
			);
			runOnlyForDeploymentPostprocessing = 0;
		};
/* End PBXSourcesBuildPhase section */

/* Begin XCBuildConfiguration section */
		4A10EB0B2C47F5530098FB89 /* Debug */ = {
			isa = XCBuildConfiguration;
			buildSettings = {
				ALWAYS_SEARCH_USER_PATHS = NO;
				ASSETCATALOG_COMPILER_GENERATE_SWIFT_ASSET_SYMBOL_EXTENSIONS = YES;
				CLANG_ANALYZER_NONNULL = YES;
				CLANG_ANALYZER_NUMBER_OBJECT_CONVERSION = YES_AGGRESSIVE;
				CLANG_CXX_LANGUAGE_STANDARD = "gnu++20";
				CLANG_ENABLE_MODULES = YES;
				CLANG_ENABLE_OBJC_ARC = YES;
				CLANG_ENABLE_OBJC_WEAK = YES;
				CLANG_WARN_BLOCK_CAPTURE_AUTORELEASING = YES;
				CLANG_WARN_BOOL_CONVERSION = YES;
				CLANG_WARN_COMMA = YES;
				CLANG_WARN_CONSTANT_CONVERSION = YES;
				CLANG_WARN_DEPRECATED_OBJC_IMPLEMENTATIONS = YES;
				CLANG_WARN_DIRECT_OBJC_ISA_USAGE = YES_ERROR;
				CLANG_WARN_DOCUMENTATION_COMMENTS = YES;
				CLANG_WARN_EMPTY_BODY = YES;
				CLANG_WARN_ENUM_CONVERSION = YES;
				CLANG_WARN_INFINITE_RECURSION = YES;
				CLANG_WARN_INT_CONVERSION = YES;
				CLANG_WARN_NON_LITERAL_NULL_CONVERSION = YES;
				CLANG_WARN_OBJC_IMPLICIT_RETAIN_SELF = YES;
				CLANG_WARN_OBJC_LITERAL_CONVERSION = YES;
				CLANG_WARN_OBJC_ROOT_CLASS = YES_ERROR;
				CLANG_WARN_QUOTED_INCLUDE_IN_FRAMEWORK_HEADER = YES;
				CLANG_WARN_RANGE_LOOP_ANALYSIS = YES;
				CLANG_WARN_STRICT_PROTOTYPES = YES;
				CLANG_WARN_SUSPICIOUS_MOVE = YES;
				CLANG_WARN_UNGUARDED_AVAILABILITY = YES_AGGRESSIVE;
				CLANG_WARN_UNREACHABLE_CODE = YES;
				CLANG_WARN__DUPLICATE_METHOD_MATCH = YES;
				COPY_PHASE_STRIP = NO;
				DEBUG_INFORMATION_FORMAT = dwarf;
				ENABLE_STRICT_OBJC_MSGSEND = YES;
				ENABLE_TESTABILITY = YES;
				ENABLE_USER_SCRIPT_SANDBOXING = YES;
				GCC_C_LANGUAGE_STANDARD = gnu17;
				GCC_DYNAMIC_NO_PIC = NO;
				GCC_NO_COMMON_BLOCKS = YES;
				GCC_OPTIMIZATION_LEVEL = 0;
				GCC_PREPROCESSOR_DEFINITIONS = (
					"DEBUG=1",
					"$(inherited)",
				);
				GCC_WARN_64_TO_32_BIT_CONVERSION = YES;
				GCC_WARN_ABOUT_RETURN_TYPE = YES_ERROR;
				GCC_WARN_UNDECLARED_SELECTOR = YES;
				GCC_WARN_UNINITIALIZED_AUTOS = YES_AGGRESSIVE;
				GCC_WARN_UNUSED_FUNCTION = YES;
				GCC_WARN_UNUSED_VARIABLE = YES;
				IPHONEOS_DEPLOYMENT_TARGET = 17.5;
				LOCALIZATION_PREFERS_STRING_CATALOGS = YES;
				MTL_ENABLE_DEBUG_INFO = INCLUDE_SOURCE;
				MTL_FAST_MATH = YES;
				ONLY_ACTIVE_ARCH = YES;
				SDKROOT = iphoneos;
				SWIFT_ACTIVE_COMPILATION_CONDITIONS = "DEBUG $(inherited)";
				SWIFT_OPTIMIZATION_LEVEL = "-Onone";
			};
			name = Debug;
		};
		4A10EB0C2C47F5530098FB89 /* Release */ = {
			isa = XCBuildConfiguration;
			buildSettings = {
				ALWAYS_SEARCH_USER_PATHS = NO;
				ASSETCATALOG_COMPILER_GENERATE_SWIFT_ASSET_SYMBOL_EXTENSIONS = YES;
				CLANG_ANALYZER_NONNULL = YES;
				CLANG_ANALYZER_NUMBER_OBJECT_CONVERSION = YES_AGGRESSIVE;
				CLANG_CXX_LANGUAGE_STANDARD = "gnu++20";
				CLANG_ENABLE_MODULES = YES;
				CLANG_ENABLE_OBJC_ARC = YES;
				CLANG_ENABLE_OBJC_WEAK = YES;
				CLANG_WARN_BLOCK_CAPTURE_AUTORELEASING = YES;
				CLANG_WARN_BOOL_CONVERSION = YES;
				CLANG_WARN_COMMA = YES;
				CLANG_WARN_CONSTANT_CONVERSION = YES;
				CLANG_WARN_DEPRECATED_OBJC_IMPLEMENTATIONS = YES;
				CLANG_WARN_DIRECT_OBJC_ISA_USAGE = YES_ERROR;
				CLANG_WARN_DOCUMENTATION_COMMENTS = YES;
				CLANG_WARN_EMPTY_BODY = YES;
				CLANG_WARN_ENUM_CONVERSION = YES;
				CLANG_WARN_INFINITE_RECURSION = YES;
				CLANG_WARN_INT_CONVERSION = YES;
				CLANG_WARN_NON_LITERAL_NULL_CONVERSION = YES;
				CLANG_WARN_OBJC_IMPLICIT_RETAIN_SELF = YES;
				CLANG_WARN_OBJC_LITERAL_CONVERSION = YES;
				CLANG_WARN_OBJC_ROOT_CLASS = YES_ERROR;
				CLANG_WARN_QUOTED_INCLUDE_IN_FRAMEWORK_HEADER = YES;
				CLANG_WARN_RANGE_LOOP_ANALYSIS = YES;
				CLANG_WARN_STRICT_PROTOTYPES = YES;
				CLANG_WARN_SUSPICIOUS_MOVE = YES;
				CLANG_WARN_UNGUARDED_AVAILABILITY = YES_AGGRESSIVE;
				CLANG_WARN_UNREACHABLE_CODE = YES;
				CLANG_WARN__DUPLICATE_METHOD_MATCH = YES;
				COPY_PHASE_STRIP = NO;
				DEBUG_INFORMATION_FORMAT = "dwarf-with-dsym";
				ENABLE_NS_ASSERTIONS = NO;
				ENABLE_STRICT_OBJC_MSGSEND = YES;
				ENABLE_USER_SCRIPT_SANDBOXING = YES;
				GCC_C_LANGUAGE_STANDARD = gnu17;
				GCC_NO_COMMON_BLOCKS = YES;
				GCC_WARN_64_TO_32_BIT_CONVERSION = YES;
				GCC_WARN_ABOUT_RETURN_TYPE = YES_ERROR;
				GCC_WARN_UNDECLARED_SELECTOR = YES;
				GCC_WARN_UNINITIALIZED_AUTOS = YES_AGGRESSIVE;
				GCC_WARN_UNUSED_FUNCTION = YES;
				GCC_WARN_UNUSED_VARIABLE = YES;
				IPHONEOS_DEPLOYMENT_TARGET = 17.5;
				LOCALIZATION_PREFERS_STRING_CATALOGS = YES;
				MTL_ENABLE_DEBUG_INFO = NO;
				MTL_FAST_MATH = YES;
				SDKROOT = iphoneos;
				SWIFT_COMPILATION_MODE = wholemodule;
				VALIDATE_PRODUCT = YES;
			};
			name = Release;
		};
		4A10EB0E2C47F5530098FB89 /* Debug */ = {
			isa = XCBuildConfiguration;
			buildSettings = {
				ASSETCATALOG_COMPILER_APPICON_NAME = AppIcon;
				ASSETCATALOG_COMPILER_GLOBAL_ACCENT_COLOR_NAME = AccentColor;
				CODE_SIGN_STYLE = Automatic;
				CURRENT_PROJECT_VERSION = 1;
				DEVELOPMENT_ASSET_PATHS = "\"BreakingBadQuotes/Preview Content\"";
				DEVELOPMENT_TEAM = 235VR6UC3H;
				ENABLE_PREVIEWS = YES;
				GENERATE_INFOPLIST_FILE = YES;
				INFOPLIST_KEY_UIApplicationSceneManifest_Generation = YES;
				INFOPLIST_KEY_UIApplicationSupportsIndirectInputEvents = YES;
				INFOPLIST_KEY_UILaunchScreen_Generation = YES;
				INFOPLIST_KEY_UISupportedInterfaceOrientations_iPad = "UIInterfaceOrientationPortrait UIInterfaceOrientationPortraitUpsideDown UIInterfaceOrientationLandscapeLeft UIInterfaceOrientationLandscapeRight";
				INFOPLIST_KEY_UISupportedInterfaceOrientations_iPhone = "UIInterfaceOrientationPortrait UIInterfaceOrientationLandscapeLeft UIInterfaceOrientationLandscapeRight";
				LD_RUNPATH_SEARCH_PATHS = (
					"$(inherited)",
					"@executable_path/Frameworks",
				);
				MARKETING_VERSION = 1.0;
				PRODUCT_BUNDLE_IDENTIFIER = com.SaudAnup.BreakingBadQuotes;
				PRODUCT_NAME = "$(TARGET_NAME)";
				SWIFT_EMIT_LOC_STRINGS = YES;
				SWIFT_VERSION = 5.0;
				TARGETED_DEVICE_FAMILY = "1,2";
			};
			name = Debug;
		};
		4A10EB0F2C47F5530098FB89 /* Release */ = {
			isa = XCBuildConfiguration;
			buildSettings = {
				ASSETCATALOG_COMPILER_APPICON_NAME = AppIcon;
				ASSETCATALOG_COMPILER_GLOBAL_ACCENT_COLOR_NAME = AccentColor;
				CODE_SIGN_STYLE = Automatic;
				CURRENT_PROJECT_VERSION = 1;
				DEVELOPMENT_ASSET_PATHS = "\"BreakingBadQuotes/Preview Content\"";
				DEVELOPMENT_TEAM = 235VR6UC3H;
				ENABLE_PREVIEWS = YES;
				GENERATE_INFOPLIST_FILE = YES;
				INFOPLIST_KEY_UIApplicationSceneManifest_Generation = YES;
				INFOPLIST_KEY_UIApplicationSupportsIndirectInputEvents = YES;
				INFOPLIST_KEY_UILaunchScreen_Generation = YES;
				INFOPLIST_KEY_UISupportedInterfaceOrientations_iPad = "UIInterfaceOrientationPortrait UIInterfaceOrientationPortraitUpsideDown UIInterfaceOrientationLandscapeLeft UIInterfaceOrientationLandscapeRight";
				INFOPLIST_KEY_UISupportedInterfaceOrientations_iPhone = "UIInterfaceOrientationPortrait UIInterfaceOrientationLandscapeLeft UIInterfaceOrientationLandscapeRight";
				LD_RUNPATH_SEARCH_PATHS = (
					"$(inherited)",
					"@executable_path/Frameworks",
				);
				MARKETING_VERSION = 1.0;
				PRODUCT_BUNDLE_IDENTIFIER = com.SaudAnup.BreakingBadQuotes;
				PRODUCT_NAME = "$(TARGET_NAME)";
				SWIFT_EMIT_LOC_STRINGS = YES;
				SWIFT_VERSION = 5.0;
				TARGETED_DEVICE_FAMILY = "1,2";
			};
			name = Release;
		};
/* End XCBuildConfiguration section */

/* Begin XCConfigurationList section */
		4A10EAFA2C47F5520098FB89 /* Build configuration list for PBXProject "BreakingBadQuotes" */ = {
			isa = XCConfigurationList;
			buildConfigurations = (
				4A10EB0B2C47F5530098FB89 /* Debug */,
				4A10EB0C2C47F5530098FB89 /* Release */,
			);
			defaultConfigurationIsVisible = 0;
			defaultConfigurationName = Release;
		};
		4A10EB0D2C47F5530098FB89 /* Build configuration list for PBXNativeTarget "BreakingBadQuotes" */ = {
			isa = XCConfigurationList;
			buildConfigurations = (
				4A10EB0E2C47F5530098FB89 /* Debug */,
				4A10EB0F2C47F5530098FB89 /* Release */,
			);
			defaultConfigurationIsVisible = 0;
			defaultConfigurationName = Release;
		};
/* End XCConfigurationList section */
	};
	rootObject = 4A10EAF72C47F5520098FB89 /* Project object */;
}
